
Microsoft Visual Studio Solution File, Format Version 11.00
# Visual C++ Express 2010
Project("{8BC9CEB8-8B4A-11D0-8D11-00A0C91BC942}") = "warmup2", "warmup2\warmup2.vcxproj", "{25E617B8-8EB7-4295-9F24-3C2230C0803F}"
EndProject
Global
	GlobalSection(SolutionConfigurationPlatforms) = preSolution
		Debug|Win32 = Debug|Win32
		Release|Win32 = Release|Win32
	EndGlobalSection
	GlobalSection(ProjectConfigurationPlatforms) = postSolution
		{25E617B8-8EB7-4295-9F24-3C2230C0803F}.Debug|Win32.ActiveCfg = Debug|Win32
		{25E617B8-8EB7-4295-9F24-3C2230C0803F}.Debug|Win32.Build.0 = Debug|Win32
		{25E617B8-8EB7-4295-9F24-3C2230C0803F}.Release|Win32.ActiveCfg = Release|Win32
		{25E617B8-8EB7-4295-9F24-3C2230C0803F}.Release|Win32.Build.0 = Release|Win32
	EndGlobalSection
	GlobalSection(SolutionProperties) = preSolution
		HideSolutionNode = FALSE
	EndGlobalSection
EndGlobal
